
Microsoft Visual Studio Solution File, Format Version 12.00
# Visual Studio Version 17
VisualStudioVersion = 17.9.34902.65
MinimumVisualStudioVersion = 10.0.40219.1
Project("{888888A0-9F3D-457C-B088-3A5042F75D52}") = "Gene Mutation Study", "Gene Mutation Study.pyproj", "{D8262D1E-A0A4-47F8-91CB-D511749F290F}"
EndProject
Global
	GlobalSection(SolutionConfigurationPlatforms) = preSolution
		Debug|Any CPU = Debug|Any CPU
		Release|Any CPU = Release|Any CPU
	EndGlobalSection
	GlobalSection(ProjectConfigurationPlatforms) = postSolution
		{D8262D1E-A0A4-47F8-91CB-D511749F290F}.Debug|Any CPU.ActiveCfg = Debug|Any CPU
		{D8262D1E-A0A4-47F8-91CB-D511749F290F}.Release|Any CPU.ActiveCfg = Release|Any CPU
	EndGlobalSection
	GlobalSection(SolutionProperties) = preSolution
		HideSolutionNode = FALSE
	EndGlobalSection
	GlobalSection(ExtensibilityGlobals) = postSolution
		SolutionGuid = {B1F0DA48-0B97-476E-9A50-9F98AD733687}
	EndGlobalSection
EndGlobal
